
Microsoft Visual Studio Solution File, Format Version 12.00
# Visual Studio Version 17
VisualStudioVersion = 17.10.35122.118
MinimumVisualStudioVersion = 10.0.40219.1
Project("{FAE04EC0-301F-11D3-BF4B-00C04F79EFBC}") = "MoviesMenuSql", "MoviesMenuSql\MoviesMenuSql.csproj", "{AAC83820-BC3E-4250-BB68-82F8ED405ABF}"
EndProject
Global
	GlobalSection(SolutionConfigurationPlatforms) = preSolution
		Debug|Any CPU = Debug|Any CPU
		Release|Any CPU = Release|Any CPU
	EndGlobalSection
	GlobalSection(ProjectConfigurationPlatforms) = postSolution
		{AAC83820-BC3E-4250-BB68-82F8ED405ABF}.Debug|Any CPU.ActiveCfg = Debug|Any CPU
		{AAC83820-BC3E-4250-BB68-82F8ED405ABF}.Debug|Any CPU.Build.0 = Debug|Any CPU
		{AAC83820-BC3E-4250-BB68-82F8ED405ABF}.Release|Any CPU.ActiveCfg = Release|Any CPU
		{AAC83820-BC3E-4250-BB68-82F8ED405ABF}.Release|Any CPU.Build.0 = Release|Any CPU
	EndGlobalSection
	GlobalSection(SolutionProperties) = preSolution
		HideSolutionNode = FALSE
	EndGlobalSection
	GlobalSection(ExtensibilityGlobals) = postSolution
		SolutionGuid = {84FDF23C-2F74-4EC0-BB51-140191617240}
	EndGlobalSection
EndGlobal
